
Microsoft Visual Studio Solution File, Format Version 12.00
# Visual Studio 2012
Project("{FAE04EC0-301F-11D3-BF4B-00C04F79EFBC}") = "TroChoiOAnQuan", "TroChoiOAnQuan\TroChoiOAnQuan.csproj", "{A9CBDF5C-8723-4937-9B44-F69A2D02615B}"
EndProject
Global
	GlobalSection(SolutionConfigurationPlatforms) = preSolution
		Debug|Any CPU = Debug|Any CPU
		Release|Any CPU = Release|Any CPU
	EndGlobalSection
	GlobalSection(ProjectConfigurationPlatforms) = postSolution
		{A9CBDF5C-8723-4937-9B44-F69A2D02615B}.Debug|Any CPU.ActiveCfg = Debug|Any CPU
		{A9CBDF5C-8723-4937-9B44-F69A2D02615B}.Debug|Any CPU.Build.0 = Debug|Any CPU
		{A9CBDF5C-8723-4937-9B44-F69A2D02615B}.Release|Any CPU.ActiveCfg = Release|Any CPU
		{A9CBDF5C-8723-4937-9B44-F69A2D02615B}.Release|Any CPU.Build.0 = Release|Any CPU
	EndGlobalSection
	GlobalSection(SolutionProperties) = preSolution
		HideSolutionNode = FALSE
	EndGlobalSection
EndGlobal
